
Microsoft Visual Studio Solution File, Format Version 12.00
# Visual Studio Version 17
VisualStudioVersion = 17.7.34202.233
MinimumVisualStudioVersion = 10.0.40219.1
Project("{FAE04EC0-301F-11D3-BF4B-00C04F79EFBC}") = "No1", "No1\No1.csproj", "{36039626-2DB8-4732-B1D5-B1479D13F062}"
EndProject
Global
	GlobalSection(SolutionConfigurationPlatforms) = preSolution
		Debug|Any CPU = Debug|Any CPU
		Release|Any CPU = Release|Any CPU
	EndGlobalSection
	GlobalSection(ProjectConfigurationPlatforms) = postSolution
		{36039626-2DB8-4732-B1D5-B1479D13F062}.Debug|Any CPU.ActiveCfg = Debug|Any CPU
		{36039626-2DB8-4732-B1D5-B1479D13F062}.Debug|Any CPU.Build.0 = Debug|Any CPU
		{36039626-2DB8-4732-B1D5-B1479D13F062}.Release|Any CPU.ActiveCfg = Release|Any CPU
		{36039626-2DB8-4732-B1D5-B1479D13F062}.Release|Any CPU.Build.0 = Release|Any CPU
	EndGlobalSection
	GlobalSection(SolutionProperties) = preSolution
		HideSolutionNode = FALSE
	EndGlobalSection
	GlobalSection(ExtensibilityGlobals) = postSolution
		SolutionGuid = {E08EBE8A-5DDE-4437-B941-1DFE499EC0E2}
	EndGlobalSection
EndGlobal
